{
  "object": {
    "pins": [
      {
        "package": "AddThen",
        "repositoryURL": "https://github.com/stareta1202/AddThen",
        "state": {
          "branch": null,
          "revision": "655c81a444143b08ff8ff4b69176e423ca113b48",
          "version": "1.0.3"
        }
      },
      {
        "package": "CombineCocoa",
        "repositoryURL": "https://github.com/CombineCommunity/CombineCocoa",
        "state": {
          "branch": null,
          "revision": "4e262c2f9fb1cee1cb3be5717f7e6b55eb823971",
          "version": "0.4.0"
        }
      },
      {
        "package": "SnapKit",
        "repositoryURL": "https://github.com/SnapKit/Snapkit",
        "state": {
          "branch": null,
          "revision": "d458564516e5676af9c70b4f4b2a9178294f1bc6",
          "version": "5.0.1"
        }
      }
    ]
  },
  "version": 1
}
